lockfileVersion: '9.0'

settings:
  autoInstallPeers: true
  excludeLinksFromLockfile: false

importers:

  .:
    dependencies:
      patchright:
        specifier: 1.63.0
        version: 1.63.0

packages:

  patchright-core@1.63.0:
    resolution: {integrity: sha512-nuRJVTMVKoOFzY8vmwFqJZR3F0trUCKiPzDSgCOPq/yHHTefm9czILV23dXJsi5mvS7sCy7U1CqG7edA/21DtQ==}
    engines: {node: '>=20'}
    hasBin: true

  patchright@1.63.0:
    resolution: {integrity: sha512-WVXhmNhAJ5I+CmcHEu/I3KMKhOlQaKS1XJsk+5nRIypKJ3Dq9IaQP29p4vB3I1FWCTarUXVRj02Na30wGcuztQ==}
    engines: {node: '>=20'}
    hasBin: true

snapshots:

  patchright-core@1.63.0: {}

  patchright@1.63.0:
    dependencies:
      patchright-core: 1.63.0
